
Microsoft Visual Studio Solution File, Format Version 12.00
# Visual Studio Version 17
VisualStudioVersion = 17.1.32328.378
MinimumVisualStudioVersion = 10.0.40219.1
Project("{FAE04EC0-301F-11D3-BF4B-00C04F79EFBC}") = "ECommerce.Products", "ECommerce.Products\ECommerce.Products.csproj", "{1EC79CA9-A3F4-4446-AFAD-B40BFB92D4CB}"
EndProject
Global
	GlobalSection(SolutionConfigurationPlatforms) = preSolution
		Debug|Any CPU = Debug|Any CPU
		Release|Any CPU = Release|Any CPU
	EndGlobalSection
	GlobalSection(ProjectConfigurationPlatforms) = postSolution
		{1EC79CA9-A3F4-4446-AFAD-B40BFB92D4CB}.Debug|Any CPU.ActiveCfg = Debug|Any CPU
		{1EC79CA9-A3F4-4446-AFAD-B40BFB92D4CB}.Debug|Any CPU.Build.0 = Debug|Any CPU
		{1EC79CA9-A3F4-4446-AFAD-B40BFB92D4CB}.Release|Any CPU.ActiveCfg = Release|Any CPU
		{1EC79CA9-A3F4-4446-AFAD-B40BFB92D4CB}.Release|Any CPU.Build.0 = Release|Any CPU
	EndGlobalSection
	GlobalSection(SolutionProperties) = preSolution
		HideSolutionNode = FALSE
	EndGlobalSection
	GlobalSection(ExtensibilityGlobals) = postSolution
		SolutionGuid = {A998F9E2-1BEF-436F-BEA6-0A970BEF95F7}
	EndGlobalSection
EndGlobal
